
Microsoft Visual Studio Solution File, Format Version 12.00
# Visual Studio 15
VisualStudioVersion = 15.0.28010.2016
MinimumVisualStudioVersion = 10.0.40219.1
Project("{FAE04EC0-301F-11D3-BF4B-00C04F79EFBC}") = "PizzaTown", "PizzaTown\PizzaTown.csproj", "{2AA3B888-CD2A-459E-823A-EC6D4CB7141B}"
EndProject
Global
	GlobalSection(SolutionConfigurationPlatforms) = preSolution
		Debug|x86 = Debug|x86
		Release|x86 = Release|x86
	EndGlobalSection
	GlobalSection(ProjectConfigurationPlatforms) = postSolution
		{2AA3B888-CD2A-459E-823A-EC6D4CB7141B}.Debug|x86.ActiveCfg = Debug|x86
		{2AA3B888-CD2A-459E-823A-EC6D4CB7141B}.Debug|x86.Build.0 = Debug|x86
		{2AA3B888-CD2A-459E-823A-EC6D4CB7141B}.Release|x86.ActiveCfg = Release|x86
		{2AA3B888-CD2A-459E-823A-EC6D4CB7141B}.Release|x86.Build.0 = Release|x86
	EndGlobalSection
	GlobalSection(SolutionProperties) = preSolution
		HideSolutionNode = FALSE
	EndGlobalSection
	GlobalSection(ExtensibilityGlobals) = postSolution
		SolutionGuid = {1467FAB1-1D85-47B9-83B6-357EAB9EBB10}
	EndGlobalSection
EndGlobal
